
Microsoft Visual Studio Solution File, Format Version 12.00
# Visual Studio Version 17
VisualStudioVersion = 17.3.32901.215
MinimumVisualStudioVersion = 10.0.40219.1
Project("{FAE04EC0-301F-11D3-BF4B-00C04F79EFBC}") = "Labs", "Labs\Labs.csproj", "{1ED019F0-7592-418F-8188-7ADEDD189171}"
EndProject
Global
	GlobalSection(SolutionConfigurationPlatforms) = preSolution
		Debug|Any CPU = Debug|Any CPU
		Release|Any CPU = Release|Any CPU
	EndGlobalSection
	GlobalSection(ProjectConfigurationPlatforms) = postSolution
		{1ED019F0-7592-418F-8188-7ADEDD189171}.Debug|Any CPU.ActiveCfg = Debug|Any CPU
		{1ED019F0-7592-418F-8188-7ADEDD189171}.Debug|Any CPU.Build.0 = Debug|Any CPU
		{1ED019F0-7592-418F-8188-7ADEDD189171}.Release|Any CPU.ActiveCfg = Release|Any CPU
		{1ED019F0-7592-418F-8188-7ADEDD189171}.Release|Any CPU.Build.0 = Release|Any CPU
	EndGlobalSection
	GlobalSection(SolutionProperties) = preSolution
		HideSolutionNode = FALSE
	EndGlobalSection
	GlobalSection(ExtensibilityGlobals) = postSolution
		SolutionGuid = {9FE2E681-FA28-430E-B61D-0AB00D08A5A3}
	EndGlobalSection
EndGlobal
